
Microsoft Visual Studio Solution File, Format Version 12.00
# Visual Studio 15
VisualStudioVersion = 15.0.27130.2027
MinimumVisualStudioVersion = 10.0.40219.1
Project("{FAE04EC0-301F-11D3-BF4B-00C04F79EFBC}") = "AnyShopManagement", "AnyShopManagement\AnyShopManagement.csproj", "{214F3824-BAF0-4906-BCC3-40BCE9C3DCAB}"
EndProject
Project("{FAE04EC0-301F-11D3-BF4B-00C04F79EFBC}") = "AnyShopUI", "AnyShopUI\AnyShopUI.csproj", "{D5A561F7-A394-4A16-8B3B-99D6A8909230}"
EndProject
Global
	GlobalSection(SolutionConfigurationPlatforms) = preSolution
		Debug|Any CPU = Debug|Any CPU
		Release|Any CPU = Release|Any CPU
	EndGlobalSection
	GlobalSection(ProjectConfigurationPlatforms) = postSolution
		{214F3824-BAF0-4906-BCC3-40BCE9C3DCAB}.Debug|Any CPU.ActiveCfg = Debug|Any CPU
		{214F3824-BAF0-4906-BCC3-40BCE9C3DCAB}.Debug|Any CPU.Build.0 = Debug|Any CPU
		{214F3824-BAF0-4906-BCC3-40BCE9C3DCAB}.Release|Any CPU.ActiveCfg = Release|Any CPU
		{214F3824-BAF0-4906-BCC3-40BCE9C3DCAB}.Release|Any CPU.Build.0 = Release|Any CPU
		{D5A561F7-A394-4A16-8B3B-99D6A8909230}.Debug|Any CPU.ActiveCfg = Debug|Any CPU
		{D5A561F7-A394-4A16-8B3B-99D6A8909230}.Debug|Any CPU.Build.0 = Debug|Any CPU
		{D5A561F7-A394-4A16-8B3B-99D6A8909230}.Release|Any CPU.ActiveCfg = Release|Any CPU
		{D5A561F7-A394-4A16-8B3B-99D6A8909230}.Release|Any CPU.Build.0 = Release|Any CPU
	EndGlobalSection
	GlobalSection(SolutionProperties) = preSolution
		HideSolutionNode = FALSE
	EndGlobalSection
	GlobalSection(ExtensibilityGlobals) = postSolution
		SolutionGuid = {A1EE65E4-786E-4159-8955-4AC0835CAC91}
	EndGlobalSection
EndGlobal
